
Microsoft Visual Studio Solution File, Format Version 12.00
# Visual Studio Version 17
VisualStudioVersion = 17.0.31903.59
MinimumVisualStudioVersion = 10.0.40219.1
Project("{2150E333-8FDC-42A3-9474-1A3956D46DE8}") = "tools", "tools", "{0053264A-35A3-4A5B-AF02-7AF6B2382C3D}"
EndProject
Project("{FAE04EC0-301F-11D3-BF4B-00C04F79EFBC}") = "SpatialAudioLab.Core", "tools\SpatialAudioLab.Core\SpatialAudioLab.Core.csproj", "{CC535483-3FCC-48E3-AFF1-32F9B01E95E5}"
EndProject
Project("{2150E333-8FDC-42A3-9474-1A3956D46DE8}") = "tests", "tests", "{59A98138-7A28-49FC-9FFC-63B0C5A4A498}"
EndProject
Project("{FAE04EC0-301F-11D3-BF4B-00C04F79EFBC}") = "SpatialAudioLab.Core.Tests", "tests\SpatialAudioLab.Core.Tests\SpatialAudioLab.Core.Tests.csproj", "{6AF9B743-44B7-4620-959D-4A0756E127EF}"
EndProject
Project("{FAE04EC0-301F-11D3-BF4B-00C04F79EFBC}") = "SpatialAudioLab.Cinema.Tests", "tests\SpatialAudioLab.Cinema.Tests\SpatialAudioLab.Cinema.Tests.csproj", "{250DB317-FC15-467C-8080-C3FB70BE6F17}"
EndProject
Project("{FAE04EC0-301F-11D3-BF4B-00C04F79EFBC}") = "DolbyPlayer", "tools\DolbyPlayer\DolbyPlayer.csproj", "{6FDAB8AA-4BF2-4A7E-B9B1-3170A73548AD}"
EndProject
Project("{FAE04EC0-301F-11D3-BF4B-00C04F79EFBC}") = "SpeakerLayoutEditor", "tools\SpeakerLayoutEditor\SpeakerLayoutEditor.csproj", "{8172A669-E3CB-4A35-A83E-F5CA5FFCBBF8}"
EndProject
Global
	GlobalSection(SolutionConfigurationPlatforms) = preSolution
		Debug|Any CPU = Debug|Any CPU
		Release|Any CPU = Release|Any CPU
	EndGlobalSection
	GlobalSection(SolutionProperties) = preSolution
		HideSolutionNode = FALSE
	EndGlobalSection
	GlobalSection(ProjectConfigurationPlatforms) = postSolution
		{CC535483-3FCC-48E3-AFF1-32F9B01E95E5}.Debug|Any CPU.ActiveCfg = Debug|Any CPU
		{CC535483-3FCC-48E3-AFF1-32F9B01E95E5}.Debug|Any CPU.Build.0 = Debug|Any CPU
		{CC535483-3FCC-48E3-AFF1-32F9B01E95E5}.Release|Any CPU.ActiveCfg = Release|Any CPU
		{CC535483-3FCC-48E3-AFF1-32F9B01E95E5}.Release|Any CPU.Build.0 = Release|Any CPU
		{6AF9B743-44B7-4620-959D-4A0756E127EF}.Debug|Any CPU.ActiveCfg = Debug|Any CPU
		{6AF9B743-44B7-4620-959D-4A0756E127EF}.Debug|Any CPU.Build.0 = Debug|Any CPU
		{6AF9B743-44B7-4620-959D-4A0756E127EF}.Release|Any CPU.ActiveCfg = Release|Any CPU
		{6AF9B743-44B7-4620-959D-4A0756E127EF}.Release|Any CPU.Build.0 = Release|Any CPU
		{250DB317-FC15-467C-8080-C3FB70BE6F17}.Debug|Any CPU.ActiveCfg = Debug|Any CPU
		{250DB317-FC15-467C-8080-C3FB70BE6F17}.Debug|Any CPU.Build.0 = Debug|Any CPU
		{250DB317-FC15-467C-8080-C3FB70BE6F17}.Release|Any CPU.ActiveCfg = Release|Any CPU
		{250DB317-FC15-467C-8080-C3FB70BE6F17}.Release|Any CPU.Build.0 = Release|Any CPU
		{6FDAB8AA-4BF2-4A7E-B9B1-3170A73548AD}.Debug|Any CPU.ActiveCfg = Debug|Any CPU
		{6FDAB8AA-4BF2-4A7E-B9B1-3170A73548AD}.Debug|Any CPU.Build.0 = Debug|Any CPU
		{6FDAB8AA-4BF2-4A7E-B9B1-3170A73548AD}.Release|Any CPU.ActiveCfg = Release|Any CPU
		{6FDAB8AA-4BF2-4A7E-B9B1-3170A73548AD}.Release|Any CPU.Build.0 = Release|Any CPU
		{8172A669-E3CB-4A35-A83E-F5CA5FFCBBF8}.Debug|Any CPU.ActiveCfg = Debug|Any CPU
		{8172A669-E3CB-4A35-A83E-F5CA5FFCBBF8}.Debug|Any CPU.Build.0 = Debug|Any CPU
		{8172A669-E3CB-4A35-A83E-F5CA5FFCBBF8}.Release|Any CPU.ActiveCfg = Release|Any CPU
		{8172A669-E3CB-4A35-A83E-F5CA5FFCBBF8}.Release|Any CPU.Build.0 = Release|Any CPU
	EndGlobalSection
	GlobalSection(NestedProjects) = preSolution
		{CC535483-3FCC-48E3-AFF1-32F9B01E95E5} = {0053264A-35A3-4A5B-AF02-7AF6B2382C3D}
		{6AF9B743-44B7-4620-959D-4A0756E127EF} = {59A98138-7A28-49FC-9FFC-63B0C5A4A498}
		{250DB317-FC15-467C-8080-C3FB70BE6F17} = {59A98138-7A28-49FC-9FFC-63B0C5A4A498}
		{6FDAB8AA-4BF2-4A7E-B9B1-3170A73548AD} = {0053264A-35A3-4A5B-AF02-7AF6B2382C3D}
		{8172A669-E3CB-4A35-A83E-F5CA5FFCBBF8} = {0053264A-35A3-4A5B-AF02-7AF6B2382C3D}
	EndGlobalSection
EndGlobal
